
Microsoft Visual Studio Solution File, Format Version 12.00
# Visual Studio Version 17
VisualStudioVersion = 17.14.36127.28 d17.14
MinimumVisualStudioVersion = 10.0.40219.1
Project("{FAE04EC0-301F-11D3-BF4B-00C04F79EFBC}") = "PONGCV", "PONGCV\PONGCV.csproj", "{0D8D3025-8E67-42B5-A239-9625D2F032C3}"
EndProject
Global
	GlobalSection(SolutionConfigurationPlatforms) = preSolution
		Debug|Any CPU = Debug|Any CPU
		Release|Any CPU = Release|Any CPU
	EndGlobalSection
	GlobalSection(ProjectConfigurationPlatforms) = postSolution
		{0D8D3025-8E67-42B5-A239-9625D2F032C3}.Debug|Any CPU.ActiveCfg = Debug|Any CPU
		{0D8D3025-8E67-42B5-A239-9625D2F032C3}.Debug|Any CPU.Build.0 = Debug|Any CPU
		{0D8D3025-8E67-42B5-A239-9625D2F032C3}.Release|Any CPU.ActiveCfg = Release|Any CPU
		{0D8D3025-8E67-42B5-A239-9625D2F032C3}.Release|Any CPU.Build.0 = Release|Any CPU
	EndGlobalSection
	GlobalSection(SolutionProperties) = preSolution
		HideSolutionNode = FALSE
	EndGlobalSection
	GlobalSection(ExtensibilityGlobals) = postSolution
		SolutionGuid = {85ABE4F5-92C2-4D96-83BC-EB5173CAFD93}
	EndGlobalSection
EndGlobal
